
Microsoft Visual Studio Solution File, Format Version 12.00
# Visual Studio Version 17
VisualStudioVersion = 17.8.34322.80
MinimumVisualStudioVersion = 10.0.40219.1
Project("{9A19103F-16F7-4668-BE54-9A1E7A4F7556}") = "sync-files", "sync-files\sync-files.csproj", "{980846F7-6CA8-4BA5-BC7A-51BC086F72EA}"
EndProject
Project("{2150E333-8FDC-42A3-9474-1A3956D46DE8}") = "build", "build", "{3E6D5D09-C53F-4AF3-B928-F102267879FA}"
	ProjectSection(SolutionItems) = preProject
		.gitlab-ci.yml = .gitlab-ci.yml
	EndProjectSection
EndProject
Global
	GlobalSection(SolutionConfigurationPlatforms) = preSolution
		Debug|Any CPU = Debug|Any CPU
		Release|Any CPU = Release|Any CPU
	EndGlobalSection
	GlobalSection(ProjectConfigurationPlatforms) = postSolution
		{980846F7-6CA8-4BA5-BC7A-51BC086F72EA}.Debug|Any CPU.ActiveCfg = Debug|Any CPU
		{980846F7-6CA8-4BA5-BC7A-51BC086F72EA}.Debug|Any CPU.Build.0 = Debug|Any CPU
		{980846F7-6CA8-4BA5-BC7A-51BC086F72EA}.Release|Any CPU.ActiveCfg = Release|Any CPU
		{980846F7-6CA8-4BA5-BC7A-51BC086F72EA}.Release|Any CPU.Build.0 = Release|Any CPU
	EndGlobalSection
	GlobalSection(SolutionProperties) = preSolution
		HideSolutionNode = FALSE
	EndGlobalSection
	GlobalSection(ExtensibilityGlobals) = postSolution
		SolutionGuid = {34A1961A-6891-4F61-A451-37AEE483E7E4}
	EndGlobalSection
EndGlobal
